
Microsoft Visual Studio Solution File, Format Version 12.00
# Visual Studio Version 17
VisualStudioVersion = 17.8.34316.72
MinimumVisualStudioVersion = 10.0.40219.1
Project("{9A19103F-16F7-4668-BE54-9A1E7A4F7556}") = "OpenTK.Utilities", "OpenTK.Utilities\OpenTK.Utilities.csproj", "{92969D49-1595-4F19-B9F2-CDB44E62DA13}"
	ProjectSection(ProjectDependencies) = postProject
		{31FB70CD-7536-4298-8BC6-854AFF383807} = {31FB70CD-7536-4298-8BC6-854AFF383807}
	EndProjectSection
EndProject
Project("{9A19103F-16F7-4668-BE54-9A1E7A4F7556}") = "Test", "Test\Test.csproj", "{8297CF4C-1C33-4BAF-A7EF-6BB52AC64322}"
EndProject
Project("{9A19103F-16F7-4668-BE54-9A1E7A4F7556}") = "Contentfactory", "ResourceManager\Contentfactory.csproj", "{31FB70CD-7536-4298-8BC6-854AFF383807}"
EndProject
Global
	GlobalSection(SolutionConfigurationPlatforms) = preSolution
		Debug|Any CPU = Debug|Any CPU
		Debug|x64 = Debug|x64
		Release|Any CPU = Release|Any CPU
		Release|x64 = Release|x64
	EndGlobalSection
	GlobalSection(ProjectConfigurationPlatforms) = postSolution
		{92969D49-1595-4F19-B9F2-CDB44E62DA13}.Debug|Any CPU.ActiveCfg = Debug|Any CPU
		{92969D49-1595-4F19-B9F2-CDB44E62DA13}.Debug|Any CPU.Build.0 = Debug|Any CPU
		{92969D49-1595-4F19-B9F2-CDB44E62DA13}.Debug|x64.ActiveCfg = Debug|x64
		{92969D49-1595-4F19-B9F2-CDB44E62DA13}.Debug|x64.Build.0 = Debug|x64
		{92969D49-1595-4F19-B9F2-CDB44E62DA13}.Release|Any CPU.ActiveCfg = Release|Any CPU
		{92969D49-1595-4F19-B9F2-CDB44E62DA13}.Release|Any CPU.Build.0 = Release|Any CPU
		{92969D49-1595-4F19-B9F2-CDB44E62DA13}.Release|x64.ActiveCfg = Release|x64
		{92969D49-1595-4F19-B9F2-CDB44E62DA13}.Release|x64.Build.0 = Release|x64
		{8297CF4C-1C33-4BAF-A7EF-6BB52AC64322}.Debug|Any CPU.ActiveCfg = Debug|Any CPU
		{8297CF4C-1C33-4BAF-A7EF-6BB52AC64322}.Debug|Any CPU.Build.0 = Debug|Any CPU
		{8297CF4C-1C33-4BAF-A7EF-6BB52AC64322}.Debug|x64.ActiveCfg = Debug|Any CPU
		{8297CF4C-1C33-4BAF-A7EF-6BB52AC64322}.Debug|x64.Build.0 = Debug|Any CPU
		{8297CF4C-1C33-4BAF-A7EF-6BB52AC64322}.Release|Any CPU.ActiveCfg = Release|Any CPU
		{8297CF4C-1C33-4BAF-A7EF-6BB52AC64322}.Release|Any CPU.Build.0 = Release|Any CPU
		{8297CF4C-1C33-4BAF-A7EF-6BB52AC64322}.Release|x64.ActiveCfg = Release|Any CPU
		{8297CF4C-1C33-4BAF-A7EF-6BB52AC64322}.Release|x64.Build.0 = Release|Any CPU
		{31FB70CD-7536-4298-8BC6-854AFF383807}.Debug|Any CPU.ActiveCfg = Debug|Any CPU
		{31FB70CD-7536-4298-8BC6-854AFF383807}.Debug|Any CPU.Build.0 = Debug|Any CPU
		{31FB70CD-7536-4298-8BC6-854AFF383807}.Debug|x64.ActiveCfg = Debug|Any CPU
		{31FB70CD-7536-4298-8BC6-854AFF383807}.Debug|x64.Build.0 = Debug|Any CPU
		{31FB70CD-7536-4298-8BC6-854AFF383807}.Release|Any CPU.ActiveCfg = Release|Any CPU
		{31FB70CD-7536-4298-8BC6-854AFF383807}.Release|Any CPU.Build.0 = Release|Any CPU
		{31FB70CD-7536-4298-8BC6-854AFF383807}.Release|x64.ActiveCfg = Release|Any CPU
		{31FB70CD-7536-4298-8BC6-854AFF383807}.Release|x64.Build.0 = Release|Any CPU
	EndGlobalSection
	GlobalSection(SolutionProperties) = preSolution
		HideSolutionNode = FALSE
	EndGlobalSection
	GlobalSection(ExtensibilityGlobals) = postSolution
		SolutionGuid = {A90C42AA-8EFD-4D19-9BF9-2F4325100796}
	EndGlobalSection
EndGlobal
